// !$*UTF8*$!
{
	archiveVersion = 1;
	classes = {
	};
	objectVersion = 56;
	objects = {

/* Begin PBXBuildFile section */
		F55467542BE37CC1000DAB5C /* ListViewModel.swift in Sources */ = {isa = PBXBuildFile; fileRef = F55467532BE37CC1000DAB5C /* ListViewModel.swift */; };
		F5C9F7D52BE28F9D003D77F3 /* DooditApp.swift in Sources */ = {isa = PBXBuildFile; fileRef = F5C9F7D42BE28F9D003D77F3 /* DooditApp.swift */; };
		F5C9F7D92BE28F9D003D77F3 /* Assets.xcassets in Resources */ = {isa = PBXBuildFile; fileRef = F5C9F7D82BE28F9D003D77F3 /* Assets.xcassets */; };
		F5C9F7DC2BE28F9D003D77F3 /* Preview Assets.xcassets in Resources */ = {isa = PBXBuildFile; fileRef = F5C9F7DB2BE28F9D003D77F3 /* Preview Assets.xcassets */; };
		F5C9F7E72BE297DE003D77F3 /* ListView.swift in Sources */ = {isa = PBXBuildFile; fileRef = F5C9F7E62BE297DE003D77F3 /* ListView.swift */; };
		F5C9F7EA2BE299C4003D77F3 /* ListRowView.swift in Sources */ = {isa = PBXBuildFile; fileRef = F5C9F7E92BE299C4003D77F3 /* ListRowView.swift */; };
		F5C9F7EC2BE29D99003D77F3 /* AddView.swift in Sources */ = {isa = PBXBuildFile; fileRef = F5C9F7EB2BE29D99003D77F3 /* AddView.swift */; };
		F5C9F7EE2BE2B39B003D77F3 /* ItemModel.swift in Sources */ = {isa = PBXBuildFile; fileRef = F5C9F7ED2BE2B39B003D77F3 /* ItemModel.swift */; };
/* End PBXBuildFile section */

/* Begin PBXFileReference section */
		F55467532BE37CC1000DAB5C /* ListViewModel.swift */ = {isa = PBXFileReference; lastKnownFileType = sourcecode.swift; path = ListViewModel.swift; sourceTree = "<group>"; };
		F5C9F7D12BE28F9D003D77F3 /* Doodit.app */ = {isa = PBXFileReference; explicitFileType = wrapper.application; includeInIndex = 0; path = Doodit.app; sourceTree = BUILT_PRODUCTS_DIR; };
		F5C9F7D42BE28F9D003D77F3 /* DooditApp.swift */ = {isa = PBXFileReference; lastKnownFileType = sourcecode.swift; path = DooditApp.swift; sourceTree = "<group>"; };
		F5C9F7D82BE28F9D003D77F3 /* Assets.xcassets */ = {isa = PBXFileReference; lastKnownFileType = folder.assetcatalog; path = Assets.xcassets; sourceTree = "<group>"; };
		F5C9F7DB2BE28F9D003D77F3 /* Preview Assets.xcassets */ = {isa = PBXFileReference; lastKnownFileType = folder.assetcatalog; path = "Preview Assets.xcassets"; sourceTree = "<group>"; };
		F5C9F7E62BE297DE003D77F3 /* ListView.swift */ = {isa = PBXFileReference; lastKnownFileType = sourcecode.swift; path = ListView.swift; sourceTree = "<group>"; };
		F5C9F7E92BE299C4003D77F3 /* ListRowView.swift */ = {isa = PBXFileReference; lastKnownFileType = sourcecode.swift; path = ListRowView.swift; sourceTree = "<group>"; };
		F5C9F7EB2BE29D99003D77F3 /* AddView.swift */ = {isa = PBXFileReference; lastKnownFileType = sourcecode.swift; path = AddView.swift; sourceTree = "<group>"; };
		F5C9F7ED2BE2B39B003D77F3 /* ItemModel.swift */ = {isa = PBXFileReference; lastKnownFileType = sourcecode.swift; path = ItemModel.swift; sourceTree = "<group>"; };
/* End PBXFileReference section */

/* Begin PBXFrameworksBuildPhase section */
		F5C9F7CE2BE28F9D003D77F3 /* Frameworks */ = {
			isa = PBXFrameworksBuildPhase;
			buildActionMask = 2147483647;
			files = (
			);
			runOnlyForDeploymentPostprocessing = 0;
		};
/* End PBXFrameworksBuildPhase section */

/* Begin PBXGroup section */
		F5C9F7C82BE28F9D003D77F3 = {
			isa = PBXGroup;
			children = (
				F5C9F7D32BE28F9D003D77F3 /* Doodit */,
				F5C9F7D22BE28F9D003D77F3 /* Products */,
			);
			sourceTree = "<group>";
		};
		F5C9F7D22BE28F9D003D77F3 /* Products */ = {
			isa = PBXGroup;
			children = (
				F5C9F7D12BE28F9D003D77F3 /* Doodit.app */,
			);
			name = Products;
			sourceTree = "<group>";
		};
		F5C9F7D32BE28F9D003D77F3 /* Doodit */ = {
			isa = PBXGroup;
			children = (
				F5C9F7E52BE296FF003D77F3 /* ViewModel */,
				F5C9F7E42BE296F6003D77F3 /* View */,
				F5C9F7E22BE296E4003D77F3 /* Model */,
				F5C9F7D42BE28F9D003D77F3 /* DooditApp.swift */,
				F5C9F7D82BE28F9D003D77F3 /* Assets.xcassets */,
				F5C9F7DA2BE28F9D003D77F3 /* Preview Content */,
			);
			path = Doodit;
			sourceTree = "<group>";
		};
		F5C9F7DA2BE28F9D003D77F3 /* Preview Content */ = {
			isa = PBXGroup;
			children = (
				F5C9F7DB2BE28F9D003D77F3 /* Preview Assets.xcassets */,
			);
			path = "Preview Content";
			sourceTree = "<group>";
		};
		F5C9F7E22BE296E4003D77F3 /* Model */ = {
			isa = PBXGroup;
			children = (
				F5C9F7ED2BE2B39B003D77F3 /* ItemModel.swift */,
			);
			path = Model;
			sourceTree = "<group>";
		};
		F5C9F7E42BE296F6003D77F3 /* View */ = {
			isa = PBXGroup;
			children = (
				F5C9F7E82BE299B3003D77F3 /* Components */,
				F5C9F7E62BE297DE003D77F3 /* ListView.swift */,
				F5C9F7EB2BE29D99003D77F3 /* AddView.swift */,
			);
			path = View;
			sourceTree = "<group>";
		};
		F5C9F7E52BE296FF003D77F3 /* ViewModel */ = {
			isa = PBXGroup;
			children = (
				F55467532BE37CC1000DAB5C /* ListViewModel.swift */,
			);
			path = ViewModel;
			sourceTree = "<group>";
		};
		F5C9F7E82BE299B3003D77F3 /* Components */ = {
			isa = PBXGroup;
			children = (
				F5C9F7E92BE299C4003D77F3 /* ListRowView.swift */,
			);
			path = Components;
			sourceTree = "<group>";
		};
/* End PBXGroup section */

/* Begin PBXNativeTarget section */
		F5C9F7D02BE28F9D003D77F3 /* Doodit */ = {
			isa = PBXNativeTarget;
			buildConfigurationList = F5C9F7DF2BE28F9D003D77F3 /* Build configuration list for PBXNativeTarget "Doodit" */;
			buildPhases = (
				F5C9F7CD2BE28F9D003D77F3 /* Sources */,
				F5C9F7CE2BE28F9D003D77F3 /* Frameworks */,
				F5C9F7CF2BE28F9D003D77F3 /* Resources */,
			);
			buildRules = (
			);
			dependencies = (
			);
			name = Doodit;
			productName = Doodit;
			productReference = F5C9F7D12BE28F9D003D77F3 /* Doodit.app */;
			productType = "com.apple.product-type.application";
		};
/* End PBXNativeTarget section */

/* Begin PBXProject section */
		F5C9F7C92BE28F9D003D77F3 /* Project object */ = {
			isa = PBXProject;
			attributes = {
				BuildIndependentTargetsInParallel = 1;
				LastSwiftUpdateCheck = 1530;
				LastUpgradeCheck = 1530;
				TargetAttributes = {
					F5C9F7D02BE28F9D003D77F3 = {
						CreatedOnToolsVersion = 15.3;
					};
				};
			};
			buildConfigurationList = F5C9F7CC2BE28F9D003D77F3 /* Build configuration list for PBXProject "Doodit" */;
			compatibilityVersion = "Xcode 14.0";
			developmentRegion = en;
			hasScannedForEncodings = 0;
			knownRegions = (
				en,
				Base,
			);
			mainGroup = F5C9F7C82BE28F9D003D77F3;
			productRefGroup = F5C9F7D22BE28F9D003D77F3 /* Products */;
			projectDirPath = "";
			projectRoot = "";
			targets = (
				F5C9F7D02BE28F9D003D77F3 /* Doodit */,
			);
		};
/* End PBXProject section */

/* Begin PBXResourcesBuildPhase section */
		F5C9F7CF2BE28F9D003D77F3 /* Resources */ = {
			isa = PBXResourcesBuildPhase;
			buildActionMask = 2147483647;
			files = (
				F5C9F7DC2BE28F9D003D77F3 /* Preview Assets.xcassets in Resources */,
				F5C9F7D92BE28F9D003D77F3 /* Assets.xcassets in Resources */,
			);
			runOnlyForDeploymentPostprocessing = 0;
		};
/* End PBXResourcesBuildPhase section */

/* Begin PBXSourcesBuildPhase section */
		F5C9F7CD2BE28F9D003D77F3 /* Sources */ = {
			isa = PBXSourcesBuildPhase;
			buildActionMask = 2147483647;
			files = (
				F5C9F7EE2BE2B39B003D77F3 /* ItemModel.swift in Sources */,
				F5C9F7EC2BE29D99003D77F3 /* AddView.swift in Sources */,
				F55467542BE37CC1000DAB5C /* ListViewModel.swift in Sources */,
				F5C9F7D52BE28F9D003D77F3 /* DooditApp.swift in Sources */,
				F5C9F7E72BE297DE003D77F3 /* ListView.swift in Sources */,
				F5C9F7EA2BE299C4003D77F3 /* ListRowView.swift in Sources */,
			);
			runOnlyForDeploymentPostprocessing = 0;
		};
/* End PBXSourcesBuildPhase section */

/* Begin XCBuildConfiguration section */
		F5C9F7DD2BE28F9D003D77F3 /* Debug */ = {
			isa = XCBuildConfiguration;
			buildSettings = {
				ALWAYS_SEARCH_USER_PATHS = NO;
				ASSETCATALOG_COMPILER_GENERATE_SWIFT_ASSET_SYMBOL_EXTENSIONS = YES;
				CLANG_ANALYZER_NONNULL = YES;
				CLANG_ANALYZER_NUMBER_OBJECT_CONVERSION = YES_AGGRESSIVE;
				CLANG_CXX_LANGUAGE_STANDARD = "gnu++20";
				CLANG_ENABLE_MODULES = YES;
				CLANG_ENABLE_OBJC_ARC = YES;
				CLANG_ENABLE_OBJC_WEAK = YES;
				CLANG_WARN_BLOCK_CAPTURE_AUTORELEASING = YES;
				CLANG_WARN_BOOL_CONVERSION = YES;
				CLANG_WARN_COMMA = YES;
				CLANG_WARN_CONSTANT_CONVERSION = YES;
				CLANG_WARN_DEPRECATED_OBJC_IMPLEMENTATIONS = YES;
				CLANG_WARN_DIRECT_OBJC_ISA_USAGE = YES_ERROR;
				CLANG_WARN_DOCUMENTATION_COMMENTS = YES;
				CLANG_WARN_EMPTY_BODY = YES;
				CLANG_WARN_ENUM_CONVERSION = YES;
				CLANG_WARN_INFINITE_RECURSION = YES;
				CLANG_WARN_INT_CONVERSION = YES;
				CLANG_WARN_NON_LITERAL_NULL_CONVERSION = YES;
				CLANG_WARN_OBJC_IMPLICIT_RETAIN_SELF = YES;
				CLANG_WARN_OBJC_LITERAL_CONVERSION = YES;
				CLANG_WARN_OBJC_ROOT_CLASS = YES_ERROR;
				CLANG_WARN_QUOTED_INCLUDE_IN_FRAMEWORK_HEADER = YES;
				CLANG_WARN_RANGE_LOOP_ANALYSIS = YES;
				CLANG_WARN_STRICT_PROTOTYPES = YES;
				CLANG_WARN_SUSPICIOUS_MOVE = YES;
				CLANG_WARN_UNGUARDED_AVAILABILITY = YES_AGGRESSIVE;
				CLANG_WARN_UNREACHABLE_CODE = YES;
				CLANG_WARN__DUPLICATE_METHOD_MATCH = YES;
				COPY_PHASE_STRIP = NO;
				DEBUG_INFORMATION_FORMAT = dwarf;
				ENABLE_STRICT_OBJC_MSGSEND = YES;
				ENABLE_TESTABILITY = YES;
				ENABLE_USER_SCRIPT_SANDBOXING = YES;
				GCC_C_LANGUAGE_STANDARD = gnu17;
				GCC_DYNAMIC_NO_PIC = NO;
				GCC_NO_COMMON_BLOCKS = YES;
				GCC_OPTIMIZATION_LEVEL = 0;
				GCC_PREPROCESSOR_DEFINITIONS = (
					"DEBUG=1",
					"$(inherited)",
				);
				GCC_WARN_64_TO_32_BIT_CONVERSION = YES;
				GCC_WARN_ABOUT_RETURN_TYPE = YES_ERROR;
				GCC_WARN_UNDECLARED_SELECTOR = YES;
				GCC_WARN_UNINITIALIZED_AUTOS = YES_AGGRESSIVE;
				GCC_WARN_UNUSED_FUNCTION = YES;
				GCC_WARN_UNUSED_VARIABLE = YES;
				IPHONEOS_DEPLOYMENT_TARGET = 17.4;
				LOCALIZATION_PREFERS_STRING_CATALOGS = YES;
				MTL_ENABLE_DEBUG_INFO = INCLUDE_SOURCE;
				MTL_FAST_MATH = YES;
				ONLY_ACTIVE_ARCH = YES;
				SDKROOT = iphoneos;
				SWIFT_ACTIVE_COMPILATION_CONDITIONS = "DEBUG $(inherited)";
				SWIFT_OPTIMIZATION_LEVEL = "-Onone";
			};
			name = Debug;
		};
		F5C9F7DE2BE28F9D003D77F3 /* Release */ = {
			isa = XCBuildConfiguration;
			buildSettings = {
				ALWAYS_SEARCH_USER_PATHS = NO;
				ASSETCATALOG_COMPILER_GENERATE_SWIFT_ASSET_SYMBOL_EXTENSIONS = YES;
				CLANG_ANALYZER_NONNULL = YES;
				CLANG_ANALYZER_NUMBER_OBJECT_CONVERSION = YES_AGGRESSIVE;
				CLANG_CXX_LANGUAGE_STANDARD = "gnu++20";
				CLANG_ENABLE_MODULES = YES;
				CLANG_ENABLE_OBJC_ARC = YES;
				CLANG_ENABLE_OBJC_WEAK = YES;
				CLANG_WARN_BLOCK_CAPTURE_AUTORELEASING = YES;
				CLANG_WARN_BOOL_CONVERSION = YES;
				CLANG_WARN_COMMA = YES;
				CLANG_WARN_CONSTANT_CONVERSION = YES;
				CLANG_WARN_DEPRECATED_OBJC_IMPLEMENTATIONS = YES;
				CLANG_WARN_DIRECT_OBJC_ISA_USAGE = YES_ERROR;
				CLANG_WARN_DOCUMENTATION_COMMENTS = YES;
				CLANG_WARN_EMPTY_BODY = YES;
				CLANG_WARN_ENUM_CONVERSION = YES;
				CLANG_WARN_INFINITE_RECURSION = YES;
				CLANG_WARN_INT_CONVERSION = YES;
				CLANG_WARN_NON_LITERAL_NULL_CONVERSION = YES;
				CLANG_WARN_OBJC_IMPLICIT_RETAIN_SELF = YES;
				CLANG_WARN_OBJC_LITERAL_CONVERSION = YES;
				CLANG_WARN_OBJC_ROOT_CLASS = YES_ERROR;
				CLANG_WARN_QUOTED_INCLUDE_IN_FRAMEWORK_HEADER = YES;
				CLANG_WARN_RANGE_LOOP_ANALYSIS = YES;
				CLANG_WARN_STRICT_PROTOTYPES = YES;
				CLANG_WARN_SUSPICIOUS_MOVE = YES;
				CLANG_WARN_UNGUARDED_AVAILABILITY = YES_AGGRESSIVE;
				CLANG_WARN_UNREACHABLE_CODE = YES;
				CLANG_WARN__DUPLICATE_METHOD_MATCH = YES;
				COPY_PHASE_STRIP = NO;
				DEBUG_INFORMATION_FORMAT = "dwarf-with-dsym";
				ENABLE_NS_ASSERTIONS = NO;
				ENABLE_STRICT_OBJC_MSGSEND = YES;
				ENABLE_USER_SCRIPT_SANDBOXING = YES;
				GCC_C_LANGUAGE_STANDARD = gnu17;
				GCC_NO_COMMON_BLOCKS = YES;
				GCC_WARN_64_TO_32_BIT_CONVERSION = YES;
				GCC_WARN_ABOUT_RETURN_TYPE = YES_ERROR;
				GCC_WARN_UNDECLARED_SELECTOR = YES;
				GCC_WARN_UNINITIALIZED_AUTOS = YES_AGGRESSIVE;
				GCC_WARN_UNUSED_FUNCTION = YES;
				GCC_WARN_UNUSED_VARIABLE = YES;
				IPHONEOS_DEPLOYMENT_TARGET = 17.4;
				LOCALIZATION_PREFERS_STRING_CATALOGS = YES;
				MTL_ENABLE_DEBUG_INFO = NO;
				MTL_FAST_MATH = YES;
				SDKROOT = iphoneos;
				SWIFT_COMPILATION_MODE = wholemodule;
				VALIDATE_PRODUCT = YES;
			};
			name = Release;
		};
		F5C9F7E02BE28F9D003D77F3 /* Debug */ = {
			isa = XCBuildConfiguration;
			buildSettings = {
				ASSETCATALOG_COMPILER_APPICON_NAME = AppIcon;
				ASSETCATALOG_COMPILER_GLOBAL_ACCENT_COLOR_NAME = AccentColor;
				CODE_SIGN_STYLE = Automatic;
				CURRENT_PROJECT_VERSION = 1;
				DEVELOPMENT_ASSET_PATHS = "\"Doodit/Preview Content\"";
				ENABLE_PREVIEWS = YES;
				GENERATE_INFOPLIST_FILE = YES;
				INFOPLIST_KEY_UIApplicationSceneManifest_Generation = YES;
				INFOPLIST_KEY_UIApplicationSupportsIndirectInputEvents = YES;
				INFOPLIST_KEY_UILaunchScreen_Generation = YES;
				INFOPLIST_KEY_UISupportedInterfaceOrientations_iPad = "UIInterfaceOrientationPortrait UIInterfaceOrientationPortraitUpsideDown UIInterfaceOrientationLandscapeLeft UIInterfaceOrientationLandscapeRight";
				INFOPLIST_KEY_UISupportedInterfaceOrientations_iPhone = "UIInterfaceOrientationPortrait UIInterfaceOrientationLandscapeLeft UIInterfaceOrientationLandscapeRight";
				LD_RUNPATH_SEARCH_PATHS = (
					"$(inherited)",
					"@executable_path/Frameworks",
				);
				MARKETING_VERSION = 1.0;
				PRODUCT_BUNDLE_IDENTIFIER = MrinmoyBorah.Doodit;
				PRODUCT_NAME = "$(TARGET_NAME)";
				SWIFT_EMIT_LOC_STRINGS = YES;
				SWIFT_VERSION = 5.0;
				TARGETED_DEVICE_FAMILY = "1,2";
			};
			name = Debug;
		};
		F5C9F7E12BE28F9D003D77F3 /* Release */ = {
			isa = XCBuildConfiguration;
			buildSettings = {
				ASSETCATALOG_COMPILER_APPICON_NAME = AppIcon;
				ASSETCATALOG_COMPILER_GLOBAL_ACCENT_COLOR_NAME = AccentColor;
				CODE_SIGN_STYLE = Automatic;
				CURRENT_PROJECT_VERSION = 1;
				DEVELOPMENT_ASSET_PATHS = "\"Doodit/Preview Content\"";
				ENABLE_PREVIEWS = YES;
				GENERATE_INFOPLIST_FILE = YES;
				INFOPLIST_KEY_UIApplicationSceneManifest_Generation = YES;
				INFOPLIST_KEY_UIApplicationSupportsIndirectInputEvents = YES;
				INFOPLIST_KEY_UILaunchScreen_Generation = YES;
				INFOPLIST_KEY_UISupportedInterfaceOrientations_iPad = "UIInterfaceOrientationPortrait UIInterfaceOrientationPortraitUpsideDown UIInterfaceOrientationLandscapeLeft UIInterfaceOrientationLandscapeRight";
				INFOPLIST_KEY_UISupportedInterfaceOrientations_iPhone = "UIInterfaceOrientationPortrait UIInterfaceOrientationLandscapeLeft UIInterfaceOrientationLandscapeRight";
				LD_RUNPATH_SEARCH_PATHS = (
					"$(inherited)",
					"@executable_path/Frameworks",
				);
				MARKETING_VERSION = 1.0;
				PRODUCT_BUNDLE_IDENTIFIER = MrinmoyBorah.Doodit;
				PRODUCT_NAME = "$(TARGET_NAME)";
				SWIFT_EMIT_LOC_STRINGS = YES;
				SWIFT_VERSION = 5.0;
				TARGETED_DEVICE_FAMILY = "1,2";
			};
			name = Release;
		};
/* End XCBuildConfiguration section */

/* Begin XCConfigurationList section */
		F5C9F7CC2BE28F9D003D77F3 /* Build configuration list for PBXProject "Doodit" */ = {
			isa = XCConfigurationList;
			buildConfigurations = (
				F5C9F7DD2BE28F9D003D77F3 /* Debug */,
				F5C9F7DE2BE28F9D003D77F3 /* Release */,
			);
			defaultConfigurationIsVisible = 0;
			defaultConfigurationName = Release;
		};
		F5C9F7DF2BE28F9D003D77F3 /* Build configuration list for PBXNativeTarget "Doodit" */ = {
			isa = XCConfigurationList;
			buildConfigurations = (
				F5C9F7E02BE28F9D003D77F3 /* Debug */,
				F5C9F7E12BE28F9D003D77F3 /* Release */,
			);
			defaultConfigurationIsVisible = 0;
			defaultConfigurationName = Release;
		};
/* End XCConfigurationList section */
	};
	rootObject = F5C9F7C92BE28F9D003D77F3 /* Project object */;
}
